
Microsoft Visual Studio Solution File, Format Version 12.00
# Visual Studio Version 16
VisualStudioVersion = 16.0.31019.35
MinimumVisualStudioVersion = 10.0.40219.1
Project("{FAE04EC0-301F-11D3-BF4B-00C04F79EFBC}") = "1", "1.csproj", "{C0455DF2-A4CE-4E2B-801F-6ECCD8FE5282}"
EndProject
Global
	GlobalSection(SolutionConfigurationPlatforms) = preSolution
		Debug|Any CPU = Debug|Any CPU
		Release|Any CPU = Release|Any CPU
	EndGlobalSection
	GlobalSection(ProjectConfigurationPlatforms) = postSolution
		{C0455DF2-A4CE-4E2B-801F-6ECCD8FE5282}.Debug|Any CPU.ActiveCfg = Debug|Any CPU
		{C0455DF2-A4CE-4E2B-801F-6ECCD8FE5282}.Debug|Any CPU.Build.0 = Debug|Any CPU
		{C0455DF2-A4CE-4E2B-801F-6ECCD8FE5282}.Release|Any CPU.ActiveCfg = Release|Any CPU
		{C0455DF2-A4CE-4E2B-801F-6ECCD8FE5282}.Release|Any CPU.Build.0 = Release|Any CPU
	EndGlobalSection
	GlobalSection(SolutionProperties) = preSolution
		HideSolutionNode = FALSE
	EndGlobalSection
	GlobalSection(ExtensibilityGlobals) = postSolution
		SolutionGuid = {61912721-937E-42F8-8005-5AF707274772}
	EndGlobalSection
EndGlobal
